// !$*UTF8*$!
{
	archiveVersion = 1;
	classes = {
	};
	objectVersion = 50;
	objects = {

/* Begin PBXBuildFile section */
		D36F401D2152794F008C7816 /* Test.swift in Sources */ = {isa = PBXBuildFile; fileRef = D36F401C2152794F008C7816 /* Test.swift */; };
		D3826AA721471F3700579344 /* AppDelegate.swift in Sources */ = {isa = PBXBuildFile; fileRef = D3826AA621471F3700579344 /* AppDelegate.swift */; };
		D3826AA921471F5300579344 /* Assets.xcassets in Resources */ = {isa = PBXBuildFile; fileRef = D3826AA821471F5300579344 /* Assets.xcassets */; };
		D3826AAC21471F5400579344 /* MainMenu.xib in Resources */ = {isa = PBXBuildFile; fileRef = D3826AAA21471F5400579344 /* MainMenu.xib */; };
		D3826AB721471FE400579344 /* BluebookThermalFunctions.c in Sources */ = {isa = PBXBuildFile; fileRef = D3826AB521471FE400579344 /* BluebookThermalFunctions.c */; };
		D3EB797E214823F100081FC4 /* CoilModel.swift in Sources */ = {isa = PBXBuildFile; fileRef = D3EB797D214823F100081FC4 /* CoilModel.swift */; };
		D3EB79802148242E00081FC4 /* SparseMatrix.swift in Sources */ = {isa = PBXBuildFile; fileRef = D3EB797F2148242E00081FC4 /* SparseMatrix.swift */; };
		D3EB79832148247A00081FC4 /* GlobalDefs.swift in Sources */ = {isa = PBXBuildFile; fileRef = D3EB79812148247A00081FC4 /* GlobalDefs.swift */; };
		D3EB79842148247A00081FC4 /* PCH_Defs.swift in Sources */ = {isa = PBXBuildFile; fileRef = D3EB79822148247A00081FC4 /* PCH_Defs.swift */; };
		D3EB7986214827C900081FC4 /* SectionModel.swift in Sources */ = {isa = PBXBuildFile; fileRef = D3EB7985214827C900081FC4 /* SectionModel.swift */; };
		D3EB798821482B9200081FC4 /* DiscModel.swift in Sources */ = {isa = PBXBuildFile; fileRef = D3EB798721482B9200081FC4 /* DiscModel.swift */; };
/* End PBXBuildFile section */

/* Begin PBXFileReference section */
		D36F401C2152794F008C7816 /* Test.swift */ = {isa = PBXFileReference; lastKnownFileType = sourcecode.swift; path = Test.swift; sourceTree = "<group>"; };
		D3826AA321471F3700579344 /* PCH_TransformerCooling.app */ = {isa = PBXFileReference; explicitFileType = wrapper.application; includeInIndex = 0; path = PCH_TransformerCooling.app; sourceTree = BUILT_PRODUCTS_DIR; };
		D3826AA621471F3700579344 /* AppDelegate.swift */ = {isa = PBXFileReference; lastKnownFileType = sourcecode.swift; path = AppDelegate.swift; sourceTree = "<group>"; };
		D3826AA821471F5300579344 /* Assets.xcassets */ = {isa = PBXFileReference; lastKnownFileType = folder.assetcatalog; path = Assets.xcassets; sourceTree = "<group>"; };
		D3826AAB21471F5400579344 /* Base */ = {isa = PBXFileReference; lastKnownFileType = file.xib; name = Base; path = Base.lproj/MainMenu.xib; sourceTree = "<group>"; };
		D3826AAD21471F5400579344 /* Info.plist */ = {isa = PBXFileReference; lastKnownFileType = text.plist.xml; path = Info.plist; sourceTree = "<group>"; };
		D3826AAE21471F5400579344 /* PCH_TransformerCooling.entitlements */ = {isa = PBXFileReference; lastKnownFileType = text.plist.entitlements; path = PCH_TransformerCooling.entitlements; sourceTree = "<group>"; };
		D3826AB421471FE400579344 /* PCH_TransformerCooling-Bridging-Header.h */ = {isa = PBXFileReference; lastKnownFileType = sourcecode.c.h; path = "PCH_TransformerCooling-Bridging-Header.h"; sourceTree = "<group>"; };
		D3826AB521471FE400579344 /* BluebookThermalFunctions.c */ = {isa = PBXFileReference; lastKnownFileType = sourcecode.c.c; path = BluebookThermalFunctions.c; sourceTree = "<group>"; };
		D3826AB621471FE400579344 /* BluebookThermalFunctions.h */ = {isa = PBXFileReference; lastKnownFileType = sourcecode.c.h; path = BluebookThermalFunctions.h; sourceTree = "<group>"; };
		D3EB797D214823F100081FC4 /* CoilModel.swift */ = {isa = PBXFileReference; lastKnownFileType = sourcecode.swift; path = CoilModel.swift; sourceTree = "<group>"; };
		D3EB797F2148242E00081FC4 /* SparseMatrix.swift */ = {isa = PBXFileReference; fileEncoding = 4; lastKnownFileType = sourcecode.swift; name = SparseMatrix.swift; path = ../../../../Documents/MyProjects/PCH_SparseMatrix/PCH_SparseMatrix/SparseMatrix.swift; sourceTree = "<group>"; };
		D3EB79812148247A00081FC4 /* GlobalDefs.swift */ = {isa = PBXFileReference; fileEncoding = 4; lastKnownFileType = sourcecode.swift; name = GlobalDefs.swift; path = ../../../../Dropbox/MyProjects/GlobalDefs.swift; sourceTree = "<group>"; };
		D3EB79822148247A00081FC4 /* PCH_Defs.swift */ = {isa = PBXFileReference; fileEncoding = 4; lastKnownFileType = sourcecode.swift; name = PCH_Defs.swift; path = ../../../../Dropbox/MyProjects/PCH_Defs.swift; sourceTree = "<group>"; };
		D3EB7985214827C900081FC4 /* SectionModel.swift */ = {isa = PBXFileReference; lastKnownFileType = sourcecode.swift; path = SectionModel.swift; sourceTree = "<group>"; };
		D3EB798721482B9200081FC4 /* DiscModel.swift */ = {isa = PBXFileReference; lastKnownFileType = sourcecode.swift; path = DiscModel.swift; sourceTree = "<group>"; };
/* End PBXFileReference section */

/* Begin PBXFrameworksBuildPhase section */
		D3826AA021471F3700579344 /* Frameworks */ = {
			isa = PBXFrameworksBuildPhase;
			buildActionMask = 2147483647;
			files = (
			);
			runOnlyForDeploymentPostprocessing = 0;
		};
/* End PBXFrameworksBuildPhase section */

/* Begin PBXGroup section */
		D3826A9A21471F3600579344 = {
			isa = PBXGroup;
			children = (
				D3826AA521471F3700579344 /* PCH_TransformerCooling */,
				D3826AA421471F3700579344 /* Products */,
			);
			sourceTree = "<group>";
		};
		D3826AA421471F3700579344 /* Products */ = {
			isa = PBXGroup;
			children = (
				D3826AA321471F3700579344 /* PCH_TransformerCooling.app */,
			);
			name = Products;
			sourceTree = "<group>";
		};
		D3826AA521471F3700579344 /* PCH_TransformerCooling */ = {
			isa = PBXGroup;
			children = (
				D3826AA621471F3700579344 /* AppDelegate.swift */,
				D36F401C2152794F008C7816 /* Test.swift */,
				D3EB797D214823F100081FC4 /* CoilModel.swift */,
				D3EB7985214827C900081FC4 /* SectionModel.swift */,
				D3EB798721482B9200081FC4 /* DiscModel.swift */,
				D3EB797F2148242E00081FC4 /* SparseMatrix.swift */,
				D3EB79812148247A00081FC4 /* GlobalDefs.swift */,
				D3EB79822148247A00081FC4 /* PCH_Defs.swift */,
				D3826AB521471FE400579344 /* BluebookThermalFunctions.c */,
				D3826AB621471FE400579344 /* BluebookThermalFunctions.h */,
				D3826AA821471F5300579344 /* Assets.xcassets */,
				D3826AAA21471F5400579344 /* MainMenu.xib */,
				D3826AAD21471F5400579344 /* Info.plist */,
				D3826AAE21471F5400579344 /* PCH_TransformerCooling.entitlements */,
				D3826AB421471FE400579344 /* PCH_TransformerCooling-Bridging-Header.h */,
			);
			path = PCH_TransformerCooling;
			sourceTree = "<group>";
		};
/* End PBXGroup section */

/* Begin PBXNativeTarget section */
		D3826AA221471F3700579344 /* PCH_TransformerCooling */ = {
			isa = PBXNativeTarget;
			buildConfigurationList = D3826AB121471F5400579344 /* Build configuration list for PBXNativeTarget "PCH_TransformerCooling" */;
			buildPhases = (
				D3826A9F21471F3700579344 /* Sources */,
				D3826AA021471F3700579344 /* Frameworks */,
				D3826AA121471F3700579344 /* Resources */,
			);
			buildRules = (
			);
			dependencies = (
			);
			name = PCH_TransformerCooling;
			productName = PCH_TransformerCooling;
			productReference = D3826AA321471F3700579344 /* PCH_TransformerCooling.app */;
			productType = "com.apple.product-type.application";
		};
/* End PBXNativeTarget section */

/* Begin PBXProject section */
		D3826A9B21471F3600579344 /* Project object */ = {
			isa = PBXProject;
			attributes = {
				LastSwiftUpdateCheck = 0940;
				LastUpgradeCheck = 0940;
				ORGANIZATIONNAME = "Huberis Technologies";
				TargetAttributes = {
					D3826AA221471F3700579344 = {
						CreatedOnToolsVersion = 9.4.1;
						LastSwiftMigration = 0940;
					};
				};
			};
			buildConfigurationList = D3826A9E21471F3600579344 /* Build configuration list for PBXProject "PCH_TransformerCooling" */;
			compatibilityVersion = "Xcode 9.3";
			developmentRegion = en;
			hasScannedForEncodings = 0;
			knownRegions = (
				en,
				Base,
			);
			mainGroup = D3826A9A21471F3600579344;
			productRefGroup = D3826AA421471F3700579344 /* Products */;
			projectDirPath = "";
			projectRoot = "";
			targets = (
				D3826AA221471F3700579344 /* PCH_TransformerCooling */,
			);
		};
/* End PBXProject section */

/* Begin PBXResourcesBuildPhase section */
		D3826AA121471F3700579344 /* Resources */ = {
			isa = PBXResourcesBuildPhase;
			buildActionMask = 2147483647;
			files = (
				D3826AA921471F5300579344 /* Assets.xcassets in Resources */,
				D3826AAC21471F5400579344 /* MainMenu.xib in Resources */,
			);
			runOnlyForDeploymentPostprocessing = 0;
		};
/* End PBXResourcesBuildPhase section */

/* Begin PBXSourcesBuildPhase section */
		D3826A9F21471F3700579344 /* Sources */ = {
			isa = PBXSourcesBuildPhase;
			buildActionMask = 2147483647;
			files = (
				D3EB79802148242E00081FC4 /* SparseMatrix.swift in Sources */,
				D3826AB721471FE400579344 /* BluebookThermalFunctions.c in Sources */,
				D36F401D2152794F008C7816 /* Test.swift in Sources */,
				D3EB797E214823F100081FC4 /* CoilModel.swift in Sources */,
				D3EB79842148247A00081FC4 /* PCH_Defs.swift in Sources */,
				D3EB79832148247A00081FC4 /* GlobalDefs.swift in Sources */,
				D3EB7986214827C900081FC4 /* SectionModel.swift in Sources */,
				D3EB798821482B9200081FC4 /* DiscModel.swift in Sources */,
				D3826AA721471F3700579344 /* AppDelegate.swift in Sources */,
			);
			runOnlyForDeploymentPostprocessing = 0;
		};
/* End PBXSourcesBuildPhase section */

/* Begin PBXVariantGroup section */
		D3826AAA21471F5400579344 /* MainMenu.xib */ = {
			isa = PBXVariantGroup;
			children = (
				D3826AAB21471F5400579344 /* Base */,
			);
			name = MainMenu.xib;
			sourceTree = "<group>";
		};
/* End PBXVariantGroup section */

/* Begin XCBuildConfiguration section */
		D3826AAF21471F5400579344 /* Debug */ = {
			isa = XCBuildConfiguration;
			buildSettings = {
				ALWAYS_SEARCH_USER_PATHS = NO;
				CLANG_ANALYZER_NONNULL = YES;
				CLANG_ANALYZER_NUMBER_OBJECT_CONVERSION = YES_AGGRESSIVE;
				CLANG_CXX_LANGUAGE_STANDARD = "gnu++14";
				CLANG_CXX_LIBRARY = "libc++";
				CLANG_ENABLE_MODULES = YES;
				CLANG_ENABLE_OBJC_ARC = YES;
				CLANG_ENABLE_OBJC_WEAK = YES;
				CLANG_WARN_BLOCK_CAPTURE_AUTORELEASING = YES;
				CLANG_WARN_BOOL_CONVERSION = YES;
				CLANG_WARN_COMMA = YES;
				CLANG_WARN_CONSTANT_CONVERSION = YES;
				CLANG_WARN_DEPRECATED_OBJC_IMPLEMENTATIONS = YES;
				CLANG_WARN_DIRECT_OBJC_ISA_USAGE = YES_ERROR;
				CLANG_WARN_DOCUMENTATION_COMMENTS = YES;
				CLANG_WARN_EMPTY_BODY = YES;
				CLANG_WARN_ENUM_CONVERSION = YES;
				CLANG_WARN_INFINITE_RECURSION = YES;
				CLANG_WARN_INT_CONVERSION = YES;
				CLANG_WARN_NON_LITERAL_NULL_CONVERSION = YES;
				CLANG_WARN_OBJC_IMPLICIT_RETAIN_SELF = YES;
				CLANG_WARN_OBJC_LITERAL_CONVERSION = YES;
				CLANG_WARN_OBJC_ROOT_CLASS = YES_ERROR;
				CLANG_WARN_RANGE_LOOP_ANALYSIS = YES;
				CLANG_WARN_STRICT_PROTOTYPES = YES;
				CLANG_WARN_SUSPICIOUS_MOVE = YES;
				CLANG_WARN_UNGUARDED_AVAILABILITY = YES_AGGRESSIVE;
				CLANG_WARN_UNREACHABLE_CODE = YES;
				CLANG_WARN__DUPLICATE_METHOD_MATCH = YES;
				CODE_SIGN_IDENTITY = "-";
				COPY_PHASE_STRIP = NO;
				DEBUG_INFORMATION_FORMAT = dwarf;
				ENABLE_STRICT_OBJC_MSGSEND = YES;
				ENABLE_TESTABILITY = YES;
				GCC_C_LANGUAGE_STANDARD = gnu11;
				GCC_DYNAMIC_NO_PIC = NO;
				GCC_NO_COMMON_BLOCKS = YES;
				GCC_OPTIMIZATION_LEVEL = 0;
				GCC_PREPROCESSOR_DEFINITIONS = (
					"DEBUG=1",
					"$(inherited)",
				);
				GCC_WARN_64_TO_32_BIT_CONVERSION = YES;
				GCC_WARN_ABOUT_RETURN_TYPE = YES_ERROR;
				GCC_WARN_UNDECLARED_SELECTOR = YES;
				GCC_WARN_UNINITIALIZED_AUTOS = YES_AGGRESSIVE;
				GCC_WARN_UNUSED_FUNCTION = YES;
				GCC_WARN_UNUSED_VARIABLE = YES;
				MACOSX_DEPLOYMENT_TARGET = 10.13;
				MTL_ENABLE_DEBUG_INFO = YES;
				ONLY_ACTIVE_ARCH = YES;
				SDKROOT = macosx;
				SWIFT_ACTIVE_COMPILATION_CONDITIONS = DEBUG;
				SWIFT_OPTIMIZATION_LEVEL = "-Onone";
			};
			name = Debug;
		};
		D3826AB021471F5400579344 /* Release */ = {
			isa = XCBuildConfiguration;
			buildSettings = {
				ALWAYS_SEARCH_USER_PATHS = NO;
				CLANG_ANALYZER_NONNULL = YES;
				CLANG_ANALYZER_NUMBER_OBJECT_CONVERSION = YES_AGGRESSIVE;
				CLANG_CXX_LANGUAGE_STANDARD = "gnu++14";
				CLANG_CXX_LIBRARY = "libc++";
				CLANG_ENABLE_MODULES = YES;
				CLANG_ENABLE_OBJC_ARC = YES;
				CLANG_ENABLE_OBJC_WEAK = YES;
				CLANG_WARN_BLOCK_CAPTURE_AUTORELEASING = YES;
				CLANG_WARN_BOOL_CONVERSION = YES;
				CLANG_WARN_COMMA = YES;
				CLANG_WARN_CONSTANT_CONVERSION = YES;
				CLANG_WARN_DEPRECATED_OBJC_IMPLEMENTATIONS = YES;
				CLANG_WARN_DIRECT_OBJC_ISA_USAGE = YES_ERROR;
				CLANG_WARN_DOCUMENTATION_COMMENTS = YES;
				CLANG_WARN_EMPTY_BODY = YES;
				CLANG_WARN_ENUM_CONVERSION = YES;
				CLANG_WARN_INFINITE_RECURSION = YES;
				CLANG_WARN_INT_CONVERSION = YES;
				CLANG_WARN_NON_LITERAL_NULL_CONVERSION = YES;
				CLANG_WARN_OBJC_IMPLICIT_RETAIN_SELF = YES;
				CLANG_WARN_OBJC_LITERAL_CONVERSION = YES;
				CLANG_WARN_OBJC_ROOT_CLASS = YES_ERROR;
				CLANG_WARN_RANGE_LOOP_ANALYSIS = YES;
				CLANG_WARN_STRICT_PROTOTYPES = YES;
				CLANG_WARN_SUSPICIOUS_MOVE = YES;
				CLANG_WARN_UNGUARDED_AVAILABILITY = YES_AGGRESSIVE;
				CLANG_WARN_UNREACHABLE_CODE = YES;
				CLANG_WARN__DUPLICATE_METHOD_MATCH = YES;
				CODE_SIGN_IDENTITY = "-";
				COPY_PHASE_STRIP = NO;
				DEBUG_INFORMATION_FORMAT = "dwarf-with-dsym";
				ENABLE_NS_ASSERTIONS = NO;
				ENABLE_STRICT_OBJC_MSGSEND = YES;
				GCC_C_LANGUAGE_STANDARD = gnu11;
				GCC_NO_COMMON_BLOCKS = YES;
				GCC_WARN_64_TO_32_BIT_CONVERSION = YES;
				GCC_WARN_ABOUT_RETURN_TYPE = YES_ERROR;
				GCC_WARN_UNDECLARED_SELECTOR = YES;
				GCC_WARN_UNINITIALIZED_AUTOS = YES_AGGRESSIVE;
				GCC_WARN_UNUSED_FUNCTION = YES;
				GCC_WARN_UNUSED_VARIABLE = YES;
				MACOSX_DEPLOYMENT_TARGET = 10.13;
				MTL_ENABLE_DEBUG_INFO = NO;
				SDKROOT = macosx;
				SWIFT_COMPILATION_MODE = wholemodule;
				SWIFT_OPTIMIZATION_LEVEL = "-O";
			};
			name = Release;
		};
		D3826AB221471F5400579344 /* Debug */ = {
			isa = XCBuildConfiguration;
			buildSettings = {
				ASSETCATALOG_COMPILER_APPICON_NAME = AppIcon;
				CLANG_ENABLE_MODULES = YES;
				CODE_SIGN_ENTITLEMENTS = PCH_TransformerCooling/PCH_TransformerCooling.entitlements;
				CODE_SIGN_STYLE = Automatic;
				COMBINE_HIDPI_IMAGES = YES;
				INFOPLIST_FILE = PCH_TransformerCooling/Info.plist;
				LD_RUNPATH_SEARCH_PATHS = (
					"$(inherited)",
					"@executable_path/../Frameworks",
				);
				PRODUCT_BUNDLE_IDENTIFIER = "com.huberis-tech.PCH-TransformerCooling";
				PRODUCT_NAME = "$(TARGET_NAME)";
				SWIFT_OBJC_BRIDGING_HEADER = "PCH_TransformerCooling/PCH_TransformerCooling-Bridging-Header.h";
				SWIFT_OPTIMIZATION_LEVEL = "-Onone";
				SWIFT_VERSION = 4.0;
			};
			name = Debug;
		};
		D3826AB321471F5400579344 /* Release */ = {
			isa = XCBuildConfiguration;
			buildSettings = {
				ASSETCATALOG_COMPILER_APPICON_NAME = AppIcon;
				CLANG_ENABLE_MODULES = YES;
				CODE_SIGN_ENTITLEMENTS = PCH_TransformerCooling/PCH_TransformerCooling.entitlements;
				CODE_SIGN_STYLE = Automatic;
				COMBINE_HIDPI_IMAGES = YES;
				INFOPLIST_FILE = PCH_TransformerCooling/Info.plist;
				LD_RUNPATH_SEARCH_PATHS = (
					"$(inherited)",
					"@executable_path/../Frameworks",
				);
				PRODUCT_BUNDLE_IDENTIFIER = "com.huberis-tech.PCH-TransformerCooling";
				PRODUCT_NAME = "$(TARGET_NAME)";
				SWIFT_OBJC_BRIDGING_HEADER = "PCH_TransformerCooling/PCH_TransformerCooling-Bridging-Header.h";
				SWIFT_VERSION = 4.0;
			};
			name = Release;
		};
/* End XCBuildConfiguration section */

/* Begin XCConfigurationList section */
		D3826A9E21471F3600579344 /* Build configuration list for PBXProject "PCH_TransformerCooling" */ = {
			isa = XCConfigurationList;
			buildConfigurations = (
				D3826AAF21471F5400579344 /* Debug */,
				D3826AB021471F5400579344 /* Release */,
			);
			defaultConfigurationIsVisible = 0;
			defaultConfigurationName = Release;
		};
		D3826AB121471F5400579344 /* Build configuration list for PBXNativeTarget "PCH_TransformerCooling" */ = {
			isa = XCConfigurationList;
			buildConfigurations = (
				D3826AB221471F5400579344 /* Debug */,
				D3826AB321471F5400579344 /* Release */,
			);
			defaultConfigurationIsVisible = 0;
			defaultConfigurationName = Release;
		};
/* End XCConfigurationList section */
	};
	rootObject = D3826A9B21471F3600579344 /* Project object */;
}
